
Microsoft Visual Studio Solution File, Format Version 12.00
# Visual Studio Version 17
VisualStudioVersion = 17.13.35828.75 d17.13
MinimumVisualStudioVersion = 10.0.40219.1
Project("{FAE04EC0-301F-11D3-BF4B-00C04F79EFBC}") = "NhungDuLieuVaoAnh", "NhungDuLieuVaoAnh\NhungDuLieuVaoAnh.csproj", "{0F9F40AB-8A80-4B56-B11C-36B4F2C96FB4}"
EndProject
Global
	GlobalSection(SolutionConfigurationPlatforms) = preSolution
		Debug|Any CPU = Debug|Any CPU
		Release|Any CPU = Release|Any CPU
	EndGlobalSection
	GlobalSection(ProjectConfigurationPlatforms) = postSolution
		{0F9F40AB-8A80-4B56-B11C-36B4F2C96FB4}.Debug|Any CPU.ActiveCfg = Debug|Any CPU
		{0F9F40AB-8A80-4B56-B11C-36B4F2C96FB4}.Debug|Any CPU.Build.0 = Debug|Any CPU
		{0F9F40AB-8A80-4B56-B11C-36B4F2C96FB4}.Release|Any CPU.ActiveCfg = Release|Any CPU
		{0F9F40AB-8A80-4B56-B11C-36B4F2C96FB4}.Release|Any CPU.Build.0 = Release|Any CPU
	EndGlobalSection
	GlobalSection(SolutionProperties) = preSolution
		HideSolutionNode = FALSE
	EndGlobalSection
	GlobalSection(ExtensibilityGlobals) = postSolution
		SolutionGuid = {3D537927-C793-4357-8842-B24214B0EAA7}
	EndGlobalSection
EndGlobal
